// !$*UTF8*$!
{
	archiveVersion = 1;
	classes = {
	};
	objectVersion = 48;
	objects = {

/* Begin PBXBuildFile section */
		282FE6C61F5F33A2008E07F6 /* AppDelegate.swift in Sources */ = {isa = PBXBuildFile; fileRef = 282FE6C51F5F33A2008E07F6 /* AppDelegate.swift */; };
		282FE6C81F5F33A2008E07F6 /* CategoriesVC.swift in Sources */ = {isa = PBXBuildFile; fileRef = 282FE6C71F5F33A2008E07F6 /* CategoriesVC.swift */; };
		282FE6CB1F5F33A2008E07F6 /* Main.storyboard in Resources */ = {isa = PBXBuildFile; fileRef = 282FE6C91F5F33A2008E07F6 /* Main.storyboard */; };
		282FE6CD1F5F33A2008E07F6 /* Assets.xcassets in Resources */ = {isa = PBXBuildFile; fileRef = 282FE6CC1F5F33A2008E07F6 /* Assets.xcassets */; };
		282FE6D01F5F33A2008E07F6 /* LaunchScreen.storyboard in Resources */ = {isa = PBXBuildFile; fileRef = 282FE6CE1F5F33A2008E07F6 /* LaunchScreen.storyboard */; };
		282FE6DB1F5F3B7E008E07F6 /* CategoryCell.swift in Sources */ = {isa = PBXBuildFile; fileRef = 282FE6DA1F5F3B7E008E07F6 /* CategoryCell.swift */; };
		282FE6DD1F5F4F33008E07F6 /* Category.swift in Sources */ = {isa = PBXBuildFile; fileRef = 282FE6DC1F5F4F33008E07F6 /* Category.swift */; };
		282FE6E01F5F50DF008E07F6 /* DataService.swift in Sources */ = {isa = PBXBuildFile; fileRef = 282FE6DF1F5F50DF008E07F6 /* DataService.swift */; };
/* End PBXBuildFile section */

/* Begin PBXFileReference section */
		282FE6C21F5F33A2008E07F6 /* coder-swag.app */ = {isa = PBXFileReference; explicitFileType = wrapper.application; includeInIndex = 0; path = "coder-swag.app"; sourceTree = BUILT_PRODUCTS_DIR; };
		282FE6C51F5F33A2008E07F6 /* AppDelegate.swift */ = {isa = PBXFileReference; lastKnownFileType = sourcecode.swift; path = AppDelegate.swift; sourceTree = "<group>"; };
		282FE6C71F5F33A2008E07F6 /* CategoriesVC.swift */ = {isa = PBXFileReference; lastKnownFileType = sourcecode.swift; path = CategoriesVC.swift; sourceTree = "<group>"; };
		282FE6CA1F5F33A2008E07F6 /* Base */ = {isa = PBXFileReference; lastKnownFileType = file.storyboard; name = Base; path = Base.lproj/Main.storyboard; sourceTree = "<group>"; };
		282FE6CC1F5F33A2008E07F6 /* Assets.xcassets */ = {isa = PBXFileReference; lastKnownFileType = folder.assetcatalog; path = Assets.xcassets; sourceTree = "<group>"; };
		282FE6CF1F5F33A2008E07F6 /* Base */ = {isa = PBXFileReference; lastKnownFileType = file.storyboard; name = Base; path = Base.lproj/LaunchScreen.storyboard; sourceTree = "<group>"; };
		282FE6D11F5F33A2008E07F6 /* Info.plist */ = {isa = PBXFileReference; lastKnownFileType = text.plist.xml; path = Info.plist; sourceTree = "<group>"; };
		282FE6DA1F5F3B7E008E07F6 /* CategoryCell.swift */ = {isa = PBXFileReference; lastKnownFileType = sourcecode.swift; path = CategoryCell.swift; sourceTree = "<group>"; };
		282FE6DC1F5F4F33008E07F6 /* Category.swift */ = {isa = PBXFileReference; lastKnownFileType = sourcecode.swift; path = Category.swift; sourceTree = "<group>"; };
		282FE6DF1F5F50DF008E07F6 /* DataService.swift */ = {isa = PBXFileReference; lastKnownFileType = sourcecode.swift; path = DataService.swift; sourceTree = "<group>"; };
/* End PBXFileReference section */

/* Begin PBXFrameworksBuildPhase section */
		282FE6BF1F5F33A2008E07F6 /* Frameworks */ = {
			isa = PBXFrameworksBuildPhase;
			buildActionMask = 2147483647;
			files = (
			);
			runOnlyForDeploymentPostprocessing = 0;
		};
/* End PBXFrameworksBuildPhase section */

/* Begin PBXGroup section */
		282FE6B91F5F33A2008E07F6 = {
			isa = PBXGroup;
			children = (
				282FE6C41F5F33A2008E07F6 /* coder-swag */,
				282FE6C31F5F33A2008E07F6 /* Products */,
			);
			sourceTree = "<group>";
		};
		282FE6C31F5F33A2008E07F6 /* Products */ = {
			isa = PBXGroup;
			children = (
				282FE6C21F5F33A2008E07F6 /* coder-swag.app */,
			);
			name = Products;
			sourceTree = "<group>";
		};
		282FE6C41F5F33A2008E07F6 /* coder-swag */ = {
			isa = PBXGroup;
			children = (
				282FE6DE1F5F50D1008E07F6 /* Services */,
				282FE6D91F5F3AB2008E07F6 /* View */,
				282FE6D81F5F3AAC008E07F6 /* Model */,
				282FE6D71F5F3AA3008E07F6 /* Controller */,
				282FE6C51F5F33A2008E07F6 /* AppDelegate.swift */,
				282FE6C91F5F33A2008E07F6 /* Main.storyboard */,
				282FE6CC1F5F33A2008E07F6 /* Assets.xcassets */,
				282FE6CE1F5F33A2008E07F6 /* LaunchScreen.storyboard */,
				282FE6D11F5F33A2008E07F6 /* Info.plist */,
			);
			path = "coder-swag";
			sourceTree = "<group>";
		};
		282FE6D71F5F3AA3008E07F6 /* Controller */ = {
			isa = PBXGroup;
			children = (
				282FE6C71F5F33A2008E07F6 /* CategoriesVC.swift */,
			);
			path = Controller;
			sourceTree = "<group>";
		};
		282FE6D81F5F3AAC008E07F6 /* Model */ = {
			isa = PBXGroup;
			children = (
				282FE6DC1F5F4F33008E07F6 /* Category.swift */,
			);
			path = Model;
			sourceTree = "<group>";
		};
		282FE6D91F5F3AB2008E07F6 /* View */ = {
			isa = PBXGroup;
			children = (
				282FE6DA1F5F3B7E008E07F6 /* CategoryCell.swift */,
			);
			path = View;
			sourceTree = "<group>";
		};
		282FE6DE1F5F50D1008E07F6 /* Services */ = {
			isa = PBXGroup;
			children = (
				282FE6DF1F5F50DF008E07F6 /* DataService.swift */,
			);
			path = Services;
			sourceTree = "<group>";
		};
/* End PBXGroup section */

/* Begin PBXNativeTarget section */
		282FE6C11F5F33A2008E07F6 /* coder-swag */ = {
			isa = PBXNativeTarget;
			buildConfigurationList = 282FE6D41F5F33A2008E07F6 /* Build configuration list for PBXNativeTarget "coder-swag" */;
			buildPhases = (
				282FE6BE1F5F33A2008E07F6 /* Sources */,
				282FE6BF1F5F33A2008E07F6 /* Frameworks */,
				282FE6C01F5F33A2008E07F6 /* Resources */,
			);
			buildRules = (
			);
			dependencies = (
			);
			name = "coder-swag";
			productName = "coder-swag";
			productReference = 282FE6C21F5F33A2008E07F6 /* coder-swag.app */;
			productType = "com.apple.product-type.application";
		};
/* End PBXNativeTarget section */

/* Begin PBXProject section */
		282FE6BA1F5F33A2008E07F6 /* Project object */ = {
			isa = PBXProject;
			attributes = {
				LastSwiftUpdateCheck = 0900;
				LastUpgradeCheck = 0900;
				ORGANIZATIONNAME = "Chad Stein";
				TargetAttributes = {
					282FE6C11F5F33A2008E07F6 = {
						CreatedOnToolsVersion = 9.0;
						ProvisioningStyle = Automatic;
					};
				};
			};
			buildConfigurationList = 282FE6BD1F5F33A2008E07F6 /* Build configuration list for PBXProject "coder-swag" */;
			compatibilityVersion = "Xcode 8.0";
			developmentRegion = en;
			hasScannedForEncodings = 0;
			knownRegions = (
				en,
				Base,
			);
			mainGroup = 282FE6B91F5F33A2008E07F6;
			productRefGroup = 282FE6C31F5F33A2008E07F6 /* Products */;
			projectDirPath = "";
			projectRoot = "";
			targets = (
				282FE6C11F5F33A2008E07F6 /* coder-swag */,
			);
		};
/* End PBXProject section */

/* Begin PBXResourcesBuildPhase section */
		282FE6C01F5F33A2008E07F6 /* Resources */ = {
			isa = PBXResourcesBuildPhase;
			buildActionMask = 2147483647;
			files = (
				282FE6D01F5F33A2008E07F6 /* LaunchScreen.storyboard in Resources */,
				282FE6CD1F5F33A2008E07F6 /* Assets.xcassets in Resources */,
				282FE6CB1F5F33A2008E07F6 /* Main.storyboard in Resources */,
			);
			runOnlyForDeploymentPostprocessing = 0;
		};
/* End PBXResourcesBuildPhase section */

/* Begin PBXSourcesBuildPhase section */
		282FE6BE1F5F33A2008E07F6 /* Sources */ = {
			isa = PBXSourcesBuildPhase;
			buildActionMask = 2147483647;
			files = (
				282FE6C81F5F33A2008E07F6 /* CategoriesVC.swift in Sources */,
				282FE6C61F5F33A2008E07F6 /* AppDelegate.swift in Sources */,
				282FE6DB1F5F3B7E008E07F6 /* CategoryCell.swift in Sources */,
				282FE6DD1F5F4F33008E07F6 /* Category.swift in Sources */,
				282FE6E01F5F50DF008E07F6 /* DataService.swift in Sources */,
			);
			runOnlyForDeploymentPostprocessing = 0;
		};
/* End PBXSourcesBuildPhase section */

/* Begin PBXVariantGroup section */
		282FE6C91F5F33A2008E07F6 /* Main.storyboard */ = {
			isa = PBXVariantGroup;
			children = (
				282FE6CA1F5F33A2008E07F6 /* Base */,
			);
			name = Main.storyboard;
			sourceTree = "<group>";
		};
		282FE6CE1F5F33A2008E07F6 /* LaunchScreen.storyboard */ = {
			isa = PBXVariantGroup;
			children = (
				282FE6CF1F5F33A2008E07F6 /* Base */,
			);
			name = LaunchScreen.storyboard;
			sourceTree = "<group>";
		};
/* End PBXVariantGroup section */

/* Begin XCBuildConfiguration section */
		282FE6D21F5F33A2008E07F6 /* Debug */ = {
			isa = XCBuildConfiguration;
			buildSettings = {
				ALWAYS_SEARCH_USER_PATHS = NO;
				CLANG_ANALYZER_NONNULL = YES;
				CLANG_ANALYZER_NUMBER_OBJECT_CONVERSION = YES_AGGRESSIVE;
				CLANG_CXX_LANGUAGE_STANDARD = "gnu++14";
				CLANG_CXX_LIBRARY = "libc++";
				CLANG_ENABLE_MODULES = YES;
				CLANG_ENABLE_OBJC_ARC = YES;
				CLANG_WARN_BLOCK_CAPTURE_AUTORELEASING = YES;
				CLANG_WARN_BOOL_CONVERSION = YES;
				CLANG_WARN_COMMA = YES;
				CLANG_WARN_CONSTANT_CONVERSION = YES;
				CLANG_WARN_DIRECT_OBJC_ISA_USAGE = YES_ERROR;
				CLANG_WARN_DOCUMENTATION_COMMENTS = YES;
				CLANG_WARN_EMPTY_BODY = YES;
				CLANG_WARN_ENUM_CONVERSION = YES;
				CLANG_WARN_INFINITE_RECURSION = YES;
				CLANG_WARN_INT_CONVERSION = YES;
				CLANG_WARN_NON_LITERAL_NULL_CONVERSION = YES;
				CLANG_WARN_OBJC_LITERAL_CONVERSION = YES;
				CLANG_WARN_OBJC_ROOT_CLASS = YES_ERROR;
				CLANG_WARN_RANGE_LOOP_ANALYSIS = YES;
				CLANG_WARN_STRICT_PROTOTYPES = YES;
				CLANG_WARN_SUSPICIOUS_MOVE = YES;
				CLANG_WARN_UNGUARDED_AVAILABILITY = YES_AGGRESSIVE;
				CLANG_WARN_UNREACHABLE_CODE = YES;
				CLANG_WARN__DUPLICATE_METHOD_MATCH = YES;
				CODE_SIGN_IDENTITY = "iPhone Developer";
				COPY_PHASE_STRIP = NO;
				DEBUG_INFORMATION_FORMAT = dwarf;
				ENABLE_STRICT_OBJC_MSGSEND = YES;
				ENABLE_TESTABILITY = YES;
				GCC_C_LANGUAGE_STANDARD = gnu11;
				GCC_DYNAMIC_NO_PIC = NO;
				GCC_NO_COMMON_BLOCKS = YES;
				GCC_OPTIMIZATION_LEVEL = 0;
				GCC_PREPROCESSOR_DEFINITIONS = (
					"DEBUG=1",
					"$(inherited)",
				);
				GCC_WARN_64_TO_32_BIT_CONVERSION = YES;
				GCC_WARN_ABOUT_RETURN_TYPE = YES_ERROR;
				GCC_WARN_UNDECLARED_SELECTOR = YES;
				GCC_WARN_UNINITIALIZED_AUTOS = YES_AGGRESSIVE;
				GCC_WARN_UNUSED_FUNCTION = YES;
				GCC_WARN_UNUSED_VARIABLE = YES;
				IPHONEOS_DEPLOYMENT_TARGET = 11.0;
				MTL_ENABLE_DEBUG_INFO = YES;
				ONLY_ACTIVE_ARCH = YES;
				SDKROOT = iphoneos;
				SWIFT_ACTIVE_COMPILATION_CONDITIONS = DEBUG;
				SWIFT_OPTIMIZATION_LEVEL = "-Onone";
			};
			name = Debug;
		};
		282FE6D31F5F33A2008E07F6 /* Release */ = {
			isa = XCBuildConfiguration;
			buildSettings = {
				ALWAYS_SEARCH_USER_PATHS = NO;
				CLANG_ANALYZER_NONNULL = YES;
				CLANG_ANALYZER_NUMBER_OBJECT_CONVERSION = YES_AGGRESSIVE;
				CLANG_CXX_LANGUAGE_STANDARD = "gnu++14";
				CLANG_CXX_LIBRARY = "libc++";
				CLANG_ENABLE_MODULES = YES;
				CLANG_ENABLE_OBJC_ARC = YES;
				CLANG_WARN_BLOCK_CAPTURE_AUTORELEASING = YES;
				CLANG_WARN_BOOL_CONVERSION = YES;
				CLANG_WARN_COMMA = YES;
				CLANG_WARN_CONSTANT_CONVERSION = YES;
				CLANG_WARN_DIRECT_OBJC_ISA_USAGE = YES_ERROR;
				CLANG_WARN_DOCUMENTATION_COMMENTS = YES;
				CLANG_WARN_EMPTY_BODY = YES;
				CLANG_WARN_ENUM_CONVERSION = YES;
				CLANG_WARN_INFINITE_RECURSION = YES;
				CLANG_WARN_INT_CONVERSION = YES;
				CLANG_WARN_NON_LITERAL_NULL_CONVERSION = YES;
				CLANG_WARN_OBJC_LITERAL_CONVERSION = YES;
				CLANG_WARN_OBJC_ROOT_CLASS = YES_ERROR;
				CLANG_WARN_RANGE_LOOP_ANALYSIS = YES;
				CLANG_WARN_STRICT_PROTOTYPES = YES;
				CLANG_WARN_SUSPICIOUS_MOVE = YES;
				CLANG_WARN_UNGUARDED_AVAILABILITY = YES_AGGRESSIVE;
				CLANG_WARN_UNREACHABLE_CODE = YES;
				CLANG_WARN__DUPLICATE_METHOD_MATCH = YES;
				CODE_SIGN_IDENTITY = "iPhone Developer";
				COPY_PHASE_STRIP = NO;
				DEBUG_INFORMATION_FORMAT = "dwarf-with-dsym";
				ENABLE_NS_ASSERTIONS = NO;
				ENABLE_STRICT_OBJC_MSGSEND = YES;
				GCC_C_LANGUAGE_STANDARD = gnu11;
				GCC_NO_COMMON_BLOCKS = YES;
				GCC_WARN_64_TO_32_BIT_CONVERSION = YES;
				GCC_WARN_ABOUT_RETURN_TYPE = YES_ERROR;
				GCC_WARN_UNDECLARED_SELECTOR = YES;
				GCC_WARN_UNINITIALIZED_AUTOS = YES_AGGRESSIVE;
				GCC_WARN_UNUSED_FUNCTION = YES;
				GCC_WARN_UNUSED_VARIABLE = YES;
				IPHONEOS_DEPLOYMENT_TARGET = 11.0;
				MTL_ENABLE_DEBUG_INFO = NO;
				SDKROOT = iphoneos;
				SWIFT_OPTIMIZATION_LEVEL = "-Owholemodule";
				VALIDATE_PRODUCT = YES;
			};
			name = Release;
		};
		282FE6D51F5F33A2008E07F6 /* Debug */ = {
			isa = XCBuildConfiguration;
			buildSettings = {
				ASSETCATALOG_COMPILER_APPICON_NAME = AppIcon;
				CODE_SIGN_STYLE = Automatic;
				INFOPLIST_FILE = "coder-swag/Info.plist";
				LD_RUNPATH_SEARCH_PATHS = "$(inherited) @executable_path/Frameworks";
				PRODUCT_BUNDLE_IDENTIFIER = "chadstein.coder-swag";
				PRODUCT_NAME = "$(TARGET_NAME)";
				SWIFT_VERSION = 4.0;
				TARGETED_DEVICE_FAMILY = "1,2";
			};
			name = Debug;
		};
		282FE6D61F5F33A2008E07F6 /* Release */ = {
			isa = XCBuildConfiguration;
			buildSettings = {
				ASSETCATALOG_COMPILER_APPICON_NAME = AppIcon;
				CODE_SIGN_STYLE = Automatic;
				INFOPLIST_FILE = "coder-swag/Info.plist";
				LD_RUNPATH_SEARCH_PATHS = "$(inherited) @executable_path/Frameworks";
				PRODUCT_BUNDLE_IDENTIFIER = "chadstein.coder-swag";
				PRODUCT_NAME = "$(TARGET_NAME)";
				SWIFT_VERSION = 4.0;
				TARGETED_DEVICE_FAMILY = "1,2";
			};
			name = Release;
		};
/* End XCBuildConfiguration section */

/* Begin XCConfigurationList section */
		282FE6BD1F5F33A2008E07F6 /* Build configuration list for PBXProject "coder-swag" */ = {
			isa = XCConfigurationList;
			buildConfigurations = (
				282FE6D21F5F33A2008E07F6 /* Debug */,
				282FE6D31F5F33A2008E07F6 /* Release */,
			);
			defaultConfigurationIsVisible = 0;
			defaultConfigurationName = Release;
		};
		282FE6D41F5F33A2008E07F6 /* Build configuration list for PBXNativeTarget "coder-swag" */ = {
			isa = XCConfigurationList;
			buildConfigurations = (
				282FE6D51F5F33A2008E07F6 /* Debug */,
				282FE6D61F5F33A2008E07F6 /* Release */,
			);
			defaultConfigurationIsVisible = 0;
			defaultConfigurationName = Release;
		};
/* End XCConfigurationList section */
	};
	rootObject = 282FE6BA1F5F33A2008E07F6 /* Project object */;
}
